
Microsoft Visual Studio Solution File, Format Version 12.00
# Visual Studio Version 17
VisualStudioVersion = 17.1.32421.90
MinimumVisualStudioVersion = 10.0.40219.1
Project("{FAE04EC0-301F-11D3-BF4B-00C04F79EFBC}") = "E_Shop", "E_Shop\E_Shop.csproj", "{604C3EF5-5AFB-4823-95E6-B0CD9A14A734}"
EndProject
Global
	GlobalSection(SolutionConfigurationPlatforms) = preSolution
		Debug|Any CPU = Debug|Any CPU
		Release|Any CPU = Release|Any CPU
	EndGlobalSection
	GlobalSection(ProjectConfigurationPlatforms) = postSolution
		{604C3EF5-5AFB-4823-95E6-B0CD9A14A734}.Debug|Any CPU.ActiveCfg = Debug|Any CPU
		{604C3EF5-5AFB-4823-95E6-B0CD9A14A734}.Debug|Any CPU.Build.0 = Debug|Any CPU
		{604C3EF5-5AFB-4823-95E6-B0CD9A14A734}.Release|Any CPU.ActiveCfg = Release|Any CPU
		{604C3EF5-5AFB-4823-95E6-B0CD9A14A734}.Release|Any CPU.Build.0 = Release|Any CPU
	EndGlobalSection
	GlobalSection(SolutionProperties) = preSolution
		HideSolutionNode = FALSE
	EndGlobalSection
	GlobalSection(ExtensibilityGlobals) = postSolution
		SolutionGuid = {E9A00134-773C-4CA0-BEE7-1E3FE83EA3BA}
	EndGlobalSection
EndGlobal
